
Microsoft Visual Studio Solution File, Format Version 12.00
# Visual Studio 2013
VisualStudioVersion = 12.0.31101.0
MinimumVisualStudioVersion = 10.0.40219.1
Project("{8BC9CEB8-8B4A-11D0-8D11-00A0C91BC942}") = "Samira3D", "Samira3D\Samira3D.vcxproj", "{41BDBCF4-8F6B-45CE-A920-14162690307C}"
EndProject
Project("{2150E333-8FDC-42A3-9474-1A3956D46DE8}") = "Solution Items", "Solution Items", "{019A5151-165D-486C-B1E1-CEDF765EE24C}"
	ProjectSection(SolutionItems) = preProject
		LICENSE = LICENSE
		README.md = README.md
		Samira3D\Samira.mtl = Samira3D\Samira.mtl
		Samira3D\Samira.obj = Samira3D\Samira.obj
		Samira3D\Samira3D.blend = Samira3D\Samira3D.blend
		Samira3D\Samira3D.dae = Samira3D\Samira3D.dae
		Samira3D\Samira3D.fbx = Samira3D\Samira3D.fbx
		Samira3D\test.png = Samira3D\test.png
	EndProjectSection
EndProject
Project("{2150E333-8FDC-42A3-9474-1A3956D46DE8}") = "res", "res", "{D26261B1-C751-463C-9471-D1A201C0D6AA}"
EndProject
Global
	GlobalSection(SolutionConfigurationPlatforms) = preSolution
		Debug|Win32 = Debug|Win32
		Release|Win32 = Release|Win32
	EndGlobalSection
	GlobalSection(ProjectConfigurationPlatforms) = postSolution
		{41BDBCF4-8F6B-45CE-A920-14162690307C}.Debug|Win32.ActiveCfg = Debug|Win32
		{41BDBCF4-8F6B-45CE-A920-14162690307C}.Debug|Win32.Build.0 = Debug|Win32
		{41BDBCF4-8F6B-45CE-A920-14162690307C}.Release|Win32.ActiveCfg = Release|Win32
		{41BDBCF4-8F6B-45CE-A920-14162690307C}.Release|Win32.Build.0 = Release|Win32
	EndGlobalSection
	GlobalSection(SolutionProperties) = preSolution
		HideSolutionNode = FALSE
	EndGlobalSection
EndGlobal
